
Microsoft Visual Studio Solution File, Format Version 12.00
# Visual Studio Version 17
VisualStudioVersion = 17.4.33110.190
MinimumVisualStudioVersion = 10.0.40219.1
Project("{2150E333-8FDC-42A3-9474-1A3956D46DE8}") = "src", "src", "{65F6EA9E-C805-4E73-A734-E42DA8788E85}"
EndProject
Project("{2150E333-8FDC-42A3-9474-1A3956D46DE8}") = "tests", "tests", "{D8503B20-9DA3-434E-9437-F5DA5C21459A}"
EndProject
Project("{9A19103F-16F7-4668-BE54-9A1E7A4F7556}") = "EmployeeManagement.Identity", "src\EmployeeManagement.Identity\EmployeeManagement.Identity.csproj", "{EDAB654C-38BC-4322-9EAB-C74B6B4A83A6}"
EndProject
Project("{9A19103F-16F7-4668-BE54-9A1E7A4F7556}") = "EmployeeManagement.Client", "src\EmployeeManagement.Client\EmployeeManagement.Client.csproj", "{2D7C102B-6A91-46A8-8814-A6C044CF229E}"
EndProject
Project("{FAE04EC0-301F-11D3-BF4B-00C04F79EFBC}") = "EmployeeManagement.API", "src\EmployeeManagement.API\EmployeeManagement.API.csproj", "{AFDF2BDA-81C9-4575-9080-A892981E05FD}"
EndProject
Project("{FAE04EC0-301F-11D3-BF4B-00C04F79EFBC}") = "EmployeeManagement.Domain", "src\EmployeeManagement.Domain\EmployeeManagement.Domain.csproj", "{3F1FA552-E071-4483-ADCE-5BFA11107E70}"
EndProject
Project("{FAE04EC0-301F-11D3-BF4B-00C04F79EFBC}") = "EmployeeManagement.Infrastructure", "src\EmployeeManagement.Infrastructure\EmployeeManagement.Infrastructure.csproj", "{09E50537-56A3-4F19-AFC9-D2A82111C33E}"
EndProject
Project("{FAE04EC0-301F-11D3-BF4B-00C04F79EFBC}") = "EmployeeManagement.Application", "src\EmployeeManagement.Application\EmployeeManagement.Application.csproj", "{1B06783E-417F-4558-83D9-CEA405984EF7}"
EndProject
Global
	GlobalSection(SolutionConfigurationPlatforms) = preSolution
		Debug|Any CPU = Debug|Any CPU
		Release|Any CPU = Release|Any CPU
	EndGlobalSection
	GlobalSection(ProjectConfigurationPlatforms) = postSolution
		{EDAB654C-38BC-4322-9EAB-C74B6B4A83A6}.Debug|Any CPU.ActiveCfg = Debug|Any CPU
		{EDAB654C-38BC-4322-9EAB-C74B6B4A83A6}.Debug|Any CPU.Build.0 = Debug|Any CPU
		{EDAB654C-38BC-4322-9EAB-C74B6B4A83A6}.Release|Any CPU.ActiveCfg = Release|Any CPU
		{EDAB654C-38BC-4322-9EAB-C74B6B4A83A6}.Release|Any CPU.Build.0 = Release|Any CPU
		{2D7C102B-6A91-46A8-8814-A6C044CF229E}.Debug|Any CPU.ActiveCfg = Debug|Any CPU
		{2D7C102B-6A91-46A8-8814-A6C044CF229E}.Debug|Any CPU.Build.0 = Debug|Any CPU
		{2D7C102B-6A91-46A8-8814-A6C044CF229E}.Release|Any CPU.ActiveCfg = Release|Any CPU
		{2D7C102B-6A91-46A8-8814-A6C044CF229E}.Release|Any CPU.Build.0 = Release|Any CPU
		{AFDF2BDA-81C9-4575-9080-A892981E05FD}.Debug|Any CPU.ActiveCfg = Debug|Any CPU
		{AFDF2BDA-81C9-4575-9080-A892981E05FD}.Debug|Any CPU.Build.0 = Debug|Any CPU
		{AFDF2BDA-81C9-4575-9080-A892981E05FD}.Release|Any CPU.ActiveCfg = Release|Any CPU
		{AFDF2BDA-81C9-4575-9080-A892981E05FD}.Release|Any CPU.Build.0 = Release|Any CPU
		{3F1FA552-E071-4483-ADCE-5BFA11107E70}.Debug|Any CPU.ActiveCfg = Debug|Any CPU
		{3F1FA552-E071-4483-ADCE-5BFA11107E70}.Debug|Any CPU.Build.0 = Debug|Any CPU
		{3F1FA552-E071-4483-ADCE-5BFA11107E70}.Release|Any CPU.ActiveCfg = Release|Any CPU
		{3F1FA552-E071-4483-ADCE-5BFA11107E70}.Release|Any CPU.Build.0 = Release|Any CPU
		{09E50537-56A3-4F19-AFC9-D2A82111C33E}.Debug|Any CPU.ActiveCfg = Debug|Any CPU
		{09E50537-56A3-4F19-AFC9-D2A82111C33E}.Debug|Any CPU.Build.0 = Debug|Any CPU
		{09E50537-56A3-4F19-AFC9-D2A82111C33E}.Release|Any CPU.ActiveCfg = Release|Any CPU
		{09E50537-56A3-4F19-AFC9-D2A82111C33E}.Release|Any CPU.Build.0 = Release|Any CPU
		{1B06783E-417F-4558-83D9-CEA405984EF7}.Debug|Any CPU.ActiveCfg = Debug|Any CPU
		{1B06783E-417F-4558-83D9-CEA405984EF7}.Debug|Any CPU.Build.0 = Debug|Any CPU
		{1B06783E-417F-4558-83D9-CEA405984EF7}.Release|Any CPU.ActiveCfg = Release|Any CPU
		{1B06783E-417F-4558-83D9-CEA405984EF7}.Release|Any CPU.Build.0 = Release|Any CPU
	EndGlobalSection
	GlobalSection(SolutionProperties) = preSolution
		HideSolutionNode = FALSE
	EndGlobalSection
	GlobalSection(NestedProjects) = preSolution
		{EDAB654C-38BC-4322-9EAB-C74B6B4A83A6} = {65F6EA9E-C805-4E73-A734-E42DA8788E85}
		{2D7C102B-6A91-46A8-8814-A6C044CF229E} = {65F6EA9E-C805-4E73-A734-E42DA8788E85}
		{AFDF2BDA-81C9-4575-9080-A892981E05FD} = {65F6EA9E-C805-4E73-A734-E42DA8788E85}
		{3F1FA552-E071-4483-ADCE-5BFA11107E70} = {65F6EA9E-C805-4E73-A734-E42DA8788E85}
		{09E50537-56A3-4F19-AFC9-D2A82111C33E} = {65F6EA9E-C805-4E73-A734-E42DA8788E85}
		{1B06783E-417F-4558-83D9-CEA405984EF7} = {65F6EA9E-C805-4E73-A734-E42DA8788E85}
	EndGlobalSection
	GlobalSection(ExtensibilityGlobals) = postSolution
		SolutionGuid = {027DF9E1-DDFD-46E9-91FE-EB0D82E0B323}
	EndGlobalSection
EndGlobal
